
Microsoft Visual Studio Solution File, Format Version 12.00
# Visual Studio 14
VisualStudioVersion = 14.0.23107.0
MinimumVisualStudioVersion = 10.0.40219.1
Project("{FAE04EC0-301F-11D3-BF4B-00C04F79EFBC}") = "MovieWebAPI", "MovieWebAPI\MovieWebAPI.csproj", "{AF4F4881-1D7A-4842-B951-DEF803E2305C}"
EndProject
Project("{FAE04EC0-301F-11D3-BF4B-00C04F79EFBC}") = "MovieWebDAL", "MovieWebDAL\MovieWebDAL.csproj", "{13C212D4-9AB9-49D6-88BD-7FA12DB7EDAB}"
EndProject
Project("{FAE04EC0-301F-11D3-BF4B-00C04F79EFBC}") = "MovieWebDTO", "MovieWebDTO\MovieWebDTO.csproj", "{3063BBEE-3FEC-4C3A-9D91-C3DA6CD0B1AC}"
EndProject
Project("{FAE04EC0-301F-11D3-BF4B-00C04F79EFBC}") = "MovieWebTest", "MovieWebTest\MovieWebTest.csproj", "{A3DB3EB7-7B34-4C1E-ABB5-EBE1AF571799}"
EndProject
Global
	GlobalSection(SolutionConfigurationPlatforms) = preSolution
		Debug|Any CPU = Debug|Any CPU
		Release|Any CPU = Release|Any CPU
	EndGlobalSection
	GlobalSection(ProjectConfigurationPlatforms) = postSolution
		{AF4F4881-1D7A-4842-B951-DEF803E2305C}.Debug|Any CPU.ActiveCfg = Debug|Any CPU
		{AF4F4881-1D7A-4842-B951-DEF803E2305C}.Debug|Any CPU.Build.0 = Debug|Any CPU
		{AF4F4881-1D7A-4842-B951-DEF803E2305C}.Release|Any CPU.ActiveCfg = Release|Any CPU
		{AF4F4881-1D7A-4842-B951-DEF803E2305C}.Release|Any CPU.Build.0 = Release|Any CPU
		{13C212D4-9AB9-49D6-88BD-7FA12DB7EDAB}.Debug|Any CPU.ActiveCfg = Debug|Any CPU
		{13C212D4-9AB9-49D6-88BD-7FA12DB7EDAB}.Debug|Any CPU.Build.0 = Debug|Any CPU
		{13C212D4-9AB9-49D6-88BD-7FA12DB7EDAB}.Release|Any CPU.ActiveCfg = Release|Any CPU
		{13C212D4-9AB9-49D6-88BD-7FA12DB7EDAB}.Release|Any CPU.Build.0 = Release|Any CPU
		{3063BBEE-3FEC-4C3A-9D91-C3DA6CD0B1AC}.Debug|Any CPU.ActiveCfg = Debug|Any CPU
		{3063BBEE-3FEC-4C3A-9D91-C3DA6CD0B1AC}.Debug|Any CPU.Build.0 = Debug|Any CPU
		{3063BBEE-3FEC-4C3A-9D91-C3DA6CD0B1AC}.Release|Any CPU.ActiveCfg = Release|Any CPU
		{3063BBEE-3FEC-4C3A-9D91-C3DA6CD0B1AC}.Release|Any CPU.Build.0 = Release|Any CPU
		{A3DB3EB7-7B34-4C1E-ABB5-EBE1AF571799}.Debug|Any CPU.ActiveCfg = Debug|Any CPU
		{A3DB3EB7-7B34-4C1E-ABB5-EBE1AF571799}.Debug|Any CPU.Build.0 = Debug|Any CPU
		{A3DB3EB7-7B34-4C1E-ABB5-EBE1AF571799}.Release|Any CPU.ActiveCfg = Release|Any CPU
		{A3DB3EB7-7B34-4C1E-ABB5-EBE1AF571799}.Release|Any CPU.Build.0 = Release|Any CPU
	EndGlobalSection
	GlobalSection(SolutionProperties) = preSolution
		HideSolutionNode = FALSE
	EndGlobalSection
EndGlobal
