
Microsoft Visual Studio Solution File, Format Version 12.00
# Visual Studio 14
VisualStudioVersion = 14.0.23107.0
MinimumVisualStudioVersion = 10.0.40219.1
Project("{FAE04EC0-301F-11D3-BF4B-00C04F79EFBC}") = "MovieStoreTest", "MovieStoreTest\MovieStoreTest.csproj", "{B41815E5-9390-466E-B4FB-28500C036CC6}"
EndProject
Project("{FAE04EC0-301F-11D3-BF4B-00C04F79EFBC}") = "MovieStoreManagement", "MovieStoreManagement\MovieStoreManagement.csproj", "{DE7DDEA3-5392-4BB0-8FFC-86B523FF3FAD}"
EndProject
Project("{FAE04EC0-301F-11D3-BF4B-00C04F79EFBC}") = "MovieStoreMVCDto", "MovieStoreMVCDto\MovieStoreMVCDto.csproj", "{5B42A314-85C0-4CC7-BAF0-CC6505A04BE7}"
EndProject
Project("{FAE04EC0-301F-11D3-BF4B-00C04F79EFBC}") = "MovieStoreGateway", "MovieStoreGateWay\MovieStoreGateway.csproj", "{CE5D423F-2664-40D7-B205-DB228E4B1BDB}"
EndProject
Global
	GlobalSection(SolutionConfigurationPlatforms) = preSolution
		Debug|Any CPU = Debug|Any CPU
		Release|Any CPU = Release|Any CPU
	EndGlobalSection
	GlobalSection(ProjectConfigurationPlatforms) = postSolution
		{B41815E5-9390-466E-B4FB-28500C036CC6}.Debug|Any CPU.ActiveCfg = Debug|Any CPU
		{B41815E5-9390-466E-B4FB-28500C036CC6}.Debug|Any CPU.Build.0 = Debug|Any CPU
		{B41815E5-9390-466E-B4FB-28500C036CC6}.Release|Any CPU.ActiveCfg = Release|Any CPU
		{B41815E5-9390-466E-B4FB-28500C036CC6}.Release|Any CPU.Build.0 = Release|Any CPU
		{DE7DDEA3-5392-4BB0-8FFC-86B523FF3FAD}.Debug|Any CPU.ActiveCfg = Debug|Any CPU
		{DE7DDEA3-5392-4BB0-8FFC-86B523FF3FAD}.Debug|Any CPU.Build.0 = Debug|Any CPU
		{DE7DDEA3-5392-4BB0-8FFC-86B523FF3FAD}.Release|Any CPU.ActiveCfg = Release|Any CPU
		{DE7DDEA3-5392-4BB0-8FFC-86B523FF3FAD}.Release|Any CPU.Build.0 = Release|Any CPU
		{5B42A314-85C0-4CC7-BAF0-CC6505A04BE7}.Debug|Any CPU.ActiveCfg = Debug|Any CPU
		{5B42A314-85C0-4CC7-BAF0-CC6505A04BE7}.Debug|Any CPU.Build.0 = Debug|Any CPU
		{5B42A314-85C0-4CC7-BAF0-CC6505A04BE7}.Release|Any CPU.ActiveCfg = Release|Any CPU
		{5B42A314-85C0-4CC7-BAF0-CC6505A04BE7}.Release|Any CPU.Build.0 = Release|Any CPU
		{CE5D423F-2664-40D7-B205-DB228E4B1BDB}.Debug|Any CPU.ActiveCfg = Debug|Any CPU
		{CE5D423F-2664-40D7-B205-DB228E4B1BDB}.Debug|Any CPU.Build.0 = Debug|Any CPU
		{CE5D423F-2664-40D7-B205-DB228E4B1BDB}.Release|Any CPU.ActiveCfg = Release|Any CPU
		{CE5D423F-2664-40D7-B205-DB228E4B1BDB}.Release|Any CPU.Build.0 = Release|Any CPU
	EndGlobalSection
	GlobalSection(SolutionProperties) = preSolution
		HideSolutionNode = FALSE
	EndGlobalSection
EndGlobal
